version: 7
name: arcblock
display_name: ArcBlock
description: ArcBlock is a blockchain and Web3 development platform designed to simplify building, deploying, and scaling decentralized applications (dApps) using modular tools and cloud‑native infrastructure. It integrates features like decentralized identity (DID), reusable components called Blocklets, and cross‑chain interoperability to lower barriers for developers. The ecosystem also includes a native utility token (ABT) used for services, staking, and network operations.
websites:
  - url: https://www.arcblock.io/en
social:
  twitter:
    - url: https://x.com/ArcBlock_io
github:
  - url: https://github.com/ArcBlock
