version: 7
name: fairblock
display_name: Debid - Fairblock
description: Onchain sealed-bid auction infrastructure using Stylus
websites:
  - url: https://www.fairblock.network/
  - url: https://docs.fairblock.network/
social:
  twitter:
    - url: https://twitter.com/0xfairblock
github:
  - url: https://github.com/Fairblock
