version: 3
slug: allianceblock
name: AllianceBlock
projects:
  - ALB-TheGraph-LMCv1
  - AllianceBlock-Contracts
  - assets
  - default-token-list
  - go-ipfs
  - heimdall
  - lmaas-contracts
  - lmaas-liquidity-staker
  - lmaas-sdk
  - merkle-distributor
  - nucypher
  - oreid-react-components
  - snapshot-space
  - snapshot-spaces
  - tokens
  - Stichting-AllianceBlock-Foundation
