version: 3
slug: arcblock
name: ArcBlock
projects:
  - .github
  - abi
  - abi-decoder
  - abt-did-elixir
  - abt-did-spec
  - abt-node-issues
  - abtnode-blocklet-install-demo
  - abtnode-docs
  - action-lint-pull-request-title
  - action-version-check
  - ans
  - apollo-cli
  - apollo-ios
  - arc-bridge-contract
  - arc-wallet-js-api
  - ArcBlock
  - arcblock-android-sdk
  - arcblock-hackathon-2-flow
  - arcblock-hackathon-2-slack-bot
  - arcblock-hackathon-2-viz
  - arcblock-ios-sdk
  - arcblock-nft-starter
  - ArcBlock-Token
  - ArmsComponent-Template
  - assisted-viewing-lighthouse
  - axon
  - base58.ex
  - BaseEncoding-swift
  - block-contract
  - block_keys
  - blockchain-network-on-kubernetes
  - blockchain-site
  - blocklet-spec
  - blocklet-zero-server
  - blocklets
  - bounty-program-issues
  - BountyBlocklet
  - CEA
  - code-coverage-assistant
  - colorcore
  - community-plugin-didlogo
  - create-react-app
  - crypto-2048
  - dappideas
  - dappsys
  - devcon-2020
  - did-connect
  - did-connect-examples
  - did-method-registry
  - did-motif
  - did-motif-android
  - did-motif-ios
  - DID-Wallet-Issues
  - did-wallet-sdk-android
  - discourse
  - drivelist
  - ds-token
  - DSBridge-IOS
  - dynamic_module
  - edns
  - EFQRCode
  - EIPs
  - eslint-config
  - event-chain
  - ex-abci
  - ex-abci-proto
  - forge-abi
  - forge-cli
  - forge-cli-handbook
  - forge-contract
  - forge-dapp-starters
  - forge-demo
  - forge-deploy-public
  - forge-docs
  - forge-elixir-sdk
  - Forge-java-demo
  - forge-java-sdk
  - forge-java-starter
  - forge-javascript-starters
  - forge-js
  - forge-lab
  - forge-nodejs-server-demo
  - forge-python-sdk
  - forge-python-starter
  - forge-react-starter
  - forge-swap
  - forge-tutorials
  - forge-vending-machine-app
  - forge-workshop
  - grpc-builder
  - HackathonDevCon2020
  - invitation-factory
  - java-code-styles
  - logger_file_backend
  - mcc
  - mcrypto
  - merkle_patricia_tree
  - mix-deps
  - mix-forge-deps
  - moonfish
  - MTSlideToOpen
  - mutibase-encode-swift
  - MVPArmsTemplate
  - nedb
  - nft-marketplace
  - node-amp-message
  - node-http-proxy
  - node-solid-server
  - NotificationBanner
  - ocap-express-starter
  - ocap-javascript-sdk
  - ocap-js
  - ocap-react-native-starter
  - ocap-react-starter
  - ocap-rpc
  - ocap-vue-starter
  - open-assets-protocol
  - parity-ethereum
  - play-abtnode-with-docker
  - pm2-events
  - pretty-ms
  - protobuf-elixir
  - qldb
  - redbird
  - resolution
  - resolution-swift
  - rule-parser
  - rust-sdk-example
  - SQLite.swift
  - sqlite_ecto2
  - static-2048
  - storybook-addon-user-agent
  - StylizeQRCode
  - SwiftPhoenixClient
  - tendermint
  - terraform-aws-influx
  - uni-resolver-driver-did-abt
  - uniswap-blocklet
  - universal-resolver
  - utility_belt
  - wallet-connect-swift
  - wallet-playground
  - walletkit-android-helper
  - web3swift
  - wechat-format
  - weekly-digest
  - Whitepaper
  - www-docs
  - did-connect-v2-demo
