version: 3
slug: brickblock
name: Brickblock
projects:
  - bbk-deploy
  - BBK-Manager
  - bitcoin-litecoin-to-ethereum-mapping-collector
  - blockchain-security-contacts
  - blockchain-watcher
  - coding-challenge-blockchain
  - coding-challenge-devops
  - coding-challenge-frontend
  - coding-challenge-fullstack
  - coding-challenge-qa
  - crypto-address-checker
  - Ecosystem-Job-Openings
  - employee-handbook
  - eth-contract-metadata
  - live-coding-challenge
  - redux-first-router-demo
  - smart-contracts
  - transition-group
  - whitepaper-general
  - whitepaper-technical
  - brickblock-io
