version: 3
slug: carblock
name: CarBlock
projects:
  - bitshares-core
  - cosmos-sdk
  - ethermint
  - go-ipfs
  - ipfs
  - IPFS-Mobile-JS
  - js-ipfs
  - mock-net
  - mythril
  - nics-crypto
  - nodejs-mobile
  - nucypher-kms
  - pyUmbral
  - sermover
  - smart-contract-best-practices
  - Tokens
  - zerodb
  - zerodb-afgh-pre
  - carblock-io
