version: 3
slug: commerceblock
name: CommerceBlock
projects:
  - AEADs
  - asset-mapping
  - bar-mapper
  - base
  - bips
  - bitcoin
  - bitcoind
  - bitvec-sgx
  - blip-XXXX
  - blip-XXXX.md
  - blips
  - blue-app-ocean
  - btchip-python-ocean
  - bulletproofs
  - cb-electrum-server
  - cb_idcheck
  - cbt-smart-contracts
  - centipede
  - chaincert-certs
  - chaincert-ssl
  - coinpool
  - commerceblock-netlify-cms
  - config
  - coordinator
  - curv
  - dgld-smart-contracts
  - docs
  - eciesjs
  - either
  - electrs-ocean
  - electrum-personal-server
  - ethbridge
  - federation
  - guardnode
  - guardnode-wallet
  - invoicing-platform
  - js
  - KDFs
  - kms-secp256k1
  - kms-secp256k1-1
  - ledger-app-boilerplate
  - ledger-app-ocean
  - lightningd
  - lockbox
  - lockbox_hub
  - mainstay
  - mainstay-mvc
  - mercury
  - mercury-simulator
  - mercurydocs
  - mercurylayer
  - mongo
  - monotree
  - multi-party-ecdsa
  - multi-party-schnorr
  - ocean
  - ocean-api-reference
  - ocean-demo
  - ocean-explorer
  - ocean-relay
  - ocean-wallet
  - oceanj
  - oceanjs-lib
  - pay-to-contract-cli
  - pay-to-contract-lib
  - pay-to-contract-protocol-specification
  - pay-to-contract-ui
  - pymainstay
  - rand-sgx
  - rs
  - rs-wasm
  - rust-crypto-sgx
  - rust-electrumx-client
  - rust-ocean
  - rust-ocean-rpc
  - rust-paillier
  - rust-secp256k1-sgx
  - sgx-migration-rs
  - slips
  - token-sale-portal
  - token-sale-whitelist
  - tor_control
  - universal-hashes
  - wallet-core
  - whitepaper
  - wl-daemon
  - wl-webhook
  - www.commerceblock.com
  - zk-paillier
  - mercury-wallet
  - commerceblock
