version: 3
slug: hebeblock
name: HebeBlock
projects:
  - bitgo-utxo-lib
  - chainlist
  - DefiLlama-Adapters
  - etcdesktop
  - etcdesktop-web
  - ETCScanList
  - etcwallet-extension
  - ethereumclassic.github.io
  - FairLaunchERC20
  - Hebe-Block
  - HEBE-BlockExplorer
  - HEBE-Wallet
  - Hebe-Web
  - HebeBlockWeb
  - HebeClub
  - HebeCore
  - HebeCrypto
  - HebeJS
  - hebeswap_build
  - HebeWif
  - HENS20220324
  - hens_build
  - Komodo-Lib-JS
  - NFTLIST-ETC
  - Oracle
  - tokenlist
  - HebePlatform
