version: 3
slug: lendingblock
name: Lendingblock
projects:
  - aws-codebuild-extras
  - bitcoin-abe
  - ethereum-lists
  - etherwallet
  - kong-plugin-jsonrpc-method-restriction
  - lb-py
  - loan-contracts
  - moonwalking
  - react-jsonschema-form
  - rippled-ws-client-dashboard
  - token-generation
  - agile-toolkit
  - aio-kong
  - aio-openapi
  - lendingblock
