version: 3
slug: made in block
name: Made in Block
projects:
  - aura-mainnet-artifacts
  - awesome-cosmos
  - badges-scripts
  - badges-webapp
  - cosmos-faucet
  - cosmos-sdk
  - cw-drip
  - cw-nfts
  - cw-starter
  - gaia
  - governance-backend
  - governance-ui
  - ics-consumer-chain-docker
  - ics-testnets
  - keplr-chain-registry
  - learning-cosmwasm
  - mib-consumer-chain
  - osmosis
  - quickstake
  - sdk-tutorials
  - slash-refund
  - spacemerch-frens-ui
  - stargate-encoder
  - StargazeMultiSnapshot
  - steward-registry
  - testnet_tools
  - what-if
  - made-in-block
