version: 3
slug: outblock
name: Outblock
projects:
  - alchemy-flow-contracts
  - Assets
  - boring-avatars
  - boring-avatars-service
  - fcl-android
  - fcl-auth-swift
  - fcl-discovery
  - fcl-js
  - fcl-next-harness
  - fcl-swift
  - FCW-link
  - flow
  - flow-account
  - flow-account-api
  - flow-account-creation
  - flow-ant
  - flow-api
  - flow-jvm-sdk
  - flow-octopus
  - flow-swift
  - flow-swift-gRPC
  - flow-token-list
  - flow-transactions
  - flow-view-source
  - flow-wallet-api
  - Flow-Wallet-Core
  - flow-wallet-extension
  - flow-wallet-iOS
  - flow-wallet-kit
  - flow-walletconnect-v2-react-dapp
  - FRW-Android
  - FRW-Doc
  - FRW-Extension
  - FRW-iOS
  - FRW-link
  - FRW-UI
  - harness
  - harness-walletconnectV2
  - Lilico-Android
  - lilico-common-cadence
  - Lilico-Doc
  - Lilico-iOS
  - Lilico-UI
  - Lilico-Web
  - next-wc-harness
  - Outblock-Web
  - stinsen
  - wallet-core
  - Outblock
