version: 3
slug: rigoblock
name: RigoBlock
projects:
  - 0x-gov-scripts
  - 0x-manager
  - 0x-protocol
  - api
  - api-website
  - balancer-exchange
  - beta-rigoblock
  - bytes-tests
  - cloudflare-update-web3-gateway
  - contract-explorer
  - contracts
  - contracts-abis
  - default-token-list
  - DefiLlama-Adapters
  - dehfold
  - docs
  - dragooold
  - efx-integration
  - ERC20Exchange
  - exchange-refactor
  - ExternalOracles
  - help-website
  - interface
  - interfaces
  - masterstaker
  - network-bench
  - new-design
  - pool
  - pool-api
  - pool-list
  - PR
  - RBIPs
  - rigoblock-local
  - rigoblock-mannequin-sources
  - rigoblock-monorepo
  - rigoblock-output-files
  - rigoblock-parity
  - rigoblock-protocol
  - rigoblock-static
  - rigoblock-website
  - rigoblock-website-sources
  - RigoBlockPaper
  - RigoBlockRegistry.js
  - sampleContracts
  - SolidityCasper
  - staging
  - studio
  - token-whitelists
  - v3-contracts
  - V3-deployments
  - v3-docs
  - Videos
  - web
  - webapp
  - whitepaper
  - ZEIPs
  - RigoBlock
