version: 3
slug: sherlock
name: Sherlock
projects:
  - 2023-03-taurus
  - bug-poc
  - DefiLlama-Adapters
  - governance-and-discussion
  - integrations-whitelist
  - sherlock-brand
  - sherlock-ctf-0x0
  - sherlock-ctf-example
  - sherlock-docs
  - sherlock-interface
  - sherlock-reports
  - sherlock-v1-core
  - sherlock-v1-periphery
  - sherlock-v2-core
  - sherlock-v2-docs
  - sherlock-v2-docs-technical
  - sherlock-v2-frontend
  - sherlock-v2-indexer
  - sherlock-v2-monitor
  - sherlock-xyz
  - yield-server
  - sherlock-protocol
