version: 3
slug: viewblock
name: ViewBlock
projects:
  - arbundles
  - binance-api-node
  - cryptometa
  - dappland
  - dev-portal
  - gateway
  - kyve-docs
  - kyvejs
  - landing
  - ledger-live
  - react-virtualized-auto-sizer
  - SmartWeave
  - starknet-ecosystem.com
  - warp
  - Zilliqa-JavaScript-Library
  - zilliqa-js-viewblock
  - zilswap-webapp
  - ViewBlock
