version: 3
slug: whiteblock
name: Whiteblock
projects:
  - amqp
  - AppAuth-JS
  - artemis_log_EATER
  - asciigraph
  - atomic
  - bacon-vision
  - beam
  - besu
  - bigd
  - biome
  - bitcoin
  - ccxt
  - cli
  - cobra
  - common
  - dcrd
  - decimal
  - definition
  - devp2p
  - dexter
  - dexter-data
  - discv5_cpp
  - docker-spark
  - dockerfiles
  - ef-testing
  - eos
  - eos-dev-tools
  - esp
  - eth-denver
  - eth-netstats
  - eth1-mock-rpc
  - eth2-interop
  - eth2.0-pm
  - eth_account_generator
  - gcache
  - genesis
  - genesis-cli
  - genesis-docs
  - genesis-examples
  - genesis-legacy
  - genesis-schema
  - geth_log_parser
  - go-engine.io
  - go-libp2p-pubsub-benchmark-tools
  - go-ping
  - go-prettyjson
  - go-shellquote
  - go-socket.io
  - go-ubiq
  - go.uuid
  - goconvey
  - golang-socketio
  - gossip_deployer
  - gossipsub-testing
  - gossipsub-tests
  - gotomic
  - gs-testing
  - helpers
  - hobbits
  - httputils
  - indra
  - json
  - jwt-go
  - keccak-besu-testnet
  - kit
  - libcompose
  - llvm8-boost-docker
  - lodestar
  - logrus
  - metamask-extension
  - monero
  - mpb
  - mustache
  - mysql
  - nazgul
  - nem.core
  - neo
  - nonce
  - nonce_legacy
  - Open-Grants-Program
  - p2p-tests
  - pantheon
  - ParityAccounts
  - poa-test-setup
  - prysm
  - prysm-tests
  - rchain
  - rchain-wb-test-script
  - rnode
  - sawtooth-core
  - scp
  - served
  - sharding-p2p-poc
  - slate
  - solc_resources
  - spdlog
  - stats
  - syscoin_test
  - tail
  - tail2
  - termui
  - tlaplus
  - unit_tester
  - utility
  - verdi
  - viper
  - wb-beam
  - whiteblock.io
  - WhiteblockBlockChain
  - workshop
  - xdg
  - yellowpaper
  - zcash
  - whiteblock
