version: 7
name: block
display_name: Block
description: Block, Inc. (formerly Square, Inc.) is an American financial services and digital payments company. Block's open source work includes popular projects like okhttp, retrofit, leakcanary, picasso, and Cash App's open source initiatives
websites:
  - url: https://www.block.xyz
  - url: https://squareup.com
github:
  - url: https://github.com/block
  - url: https://github.com/square
social:
  twitter:
    - url: https://twitter.com/blocks
