version: 7
name: deblock
display_name: Deblock
description: Deblock is a European financial app that combines a licensed euro current account with IBAN and Visa debit card with a self-custodial wallet for holding, swapping and spending stablecoins and other crypto assets.
websites:
  - url: https://deblock.com
social:
  twitter:
    - url: https://x.com/DeblockApp
