version: 7
name: exoblock
display_name: exoblock
description: Building enterprise blockchain-based ecosystems for food and
  healthcare across the EMEA region
websites:
  - url: https://www.exoblock.it
social:
  twitter:
    - url: https://twitter.com/exoblockBV
github:
  - url: https://github.com/exoblock
blockchain:
  - address: "0x6c8ac916e3be062a563c2f706be0593d91e72d94"
    networks:
      - any_evm
    tags:
      - eoa
      - wallet
