version: 1
slug: rigo-block
name: RigoBlock
github:
  - url: https://github.com/rigoblock
optimism:
  - address: "0x000f05552f24850e75793d38c2bd0cbd249a9ff4"
    type: creator
  - address: "0x080f08076e8eadc66006c3cbfed28a34918a1fa6"
    type: creator
  - address: "0x914d7fec6aac8cd542e72bca78b30650d45643d7"
    type: factory
  - address: "0xc1adda7605d2dc47dd91a930c978cd6a18d2d760"
    type: factory
  - address: "0x41df4284a34e752386d2067cb086c1591461d1c0"
    type: contract
  - address: "0xecf46257ed31c329f204eb43e254c609dee143b3"
    type: contract
