version: 7
name: grantpicks-by-potlock
display_name: GrantPicks by PotLock
description: GrantPicks by Potlock is a Soroban-enabled funding platform using
  pairwise voting to easily allocate grants to Stellar projects.
websites:
  - url: https://stellar.grantpicks.com
github:
  - url: https://github.com/potlock/grantpicks-stellar
