version: 7
name: neulock
display_name: Neulock
description: Neulock Web3 Password Manager
websites:
  - url: https://neulock.app/
github:
  - url: https://github.com/Studio-V-Tech/neulock-onchain
blockchain:
  - address: "0x8D086dd57475D4490190fB15a19aAEc8167F89dD"
    networks:
      - optimism
    tags:
      - neulock neu
  - address: "0xA7536b808f0937EEB42393a73095Fbf044A8e5aD"
    networks:
      - optimism
    tags:
      - neulock storage
  - address: "0x652bE7a9742b2cE265854133B5fA3b8E1fDD2510"
    networks:
      - optimism
    tags:
      - neulock metadata
  - address: "0x84DDa85AEed3E7EEC2AC5541626e1d717B5DBdA0"
    networks:
      - optimism
    tags:
      - neulock logo
  - address: "0x844Ab2249724fbcda0e85e3559606e95664829B0"
    networks:
      - optimism
    tags:
      - neulock entitlement
  - address: "0x05F1F98F2F5C2B679F8BC564925E5A1255845240"
    networks:
      - optimism
    tags:
      - neulock lock
