version: 7
name: openmodel-6block
display_name: OpenModel
description: "Decentralized infrastructure for AI model distribution on Filecoin — warm storage for model weights, on-chain registry with Filecoin Pay, and SP compute node integration."
websites:
  - url: https://github.com/6block/openmodel
github:
  - url: https://github.com/6block/openmodel
